// !$*UTF8*$!
{
	archiveVersion = 1;
	classes = {
	};
	objectVersion = 46;
	objects = {

/* Begin PBXBuildFile section */
		610DB3911AB77DFF0005D314 /* main.swift in Sources */ = {isa = PBXBuildFile; fileRef = 610DB3901AB77DFF0005D314 /* main.swift */; };
		610DB3981AB77E690005D314 /* ProxySettings.swift in Sources */ = {isa = PBXBuildFile; fileRef = 610DB3971AB77E690005D314 /* ProxySettings.swift */; };
/* End PBXBuildFile section */

/* Begin PBXCopyFilesBuildPhase section */
		610DB38B1AB77DFF0005D314 /* CopyFiles */ = {
			isa = PBXCopyFilesBuildPhase;
			buildActionMask = 2147483647;
			dstPath = /usr/share/man/man1/;
			dstSubfolderSpec = 0;
			files = (
			);
			runOnlyForDeploymentPostprocessing = 1;
		};
/* End PBXCopyFilesBuildPhase section */

/* Begin PBXFileReference section */
		610DB38D1AB77DFF0005D314 /* export-proxies */ = {isa = PBXFileReference; explicitFileType = "compiled.mach-o.executable"; includeInIndex = 0; path = "export-proxies"; sourceTree = BUILT_PRODUCTS_DIR; };
		610DB3901AB77DFF0005D314 /* main.swift */ = {isa = PBXFileReference; lastKnownFileType = sourcecode.swift; path = main.swift; sourceTree = "<group>"; };
		610DB3971AB77E690005D314 /* ProxySettings.swift */ = {isa = PBXFileReference; fileEncoding = 4; lastKnownFileType = sourcecode.swift; path = ProxySettings.swift; sourceTree = "<group>"; };
/* End PBXFileReference section */

/* Begin PBXFrameworksBuildPhase section */
		610DB38A1AB77DFF0005D314 /* Frameworks */ = {
			isa = PBXFrameworksBuildPhase;
			buildActionMask = 2147483647;
			files = (
			);
			runOnlyForDeploymentPostprocessing = 0;
		};
/* End PBXFrameworksBuildPhase section */

/* Begin PBXGroup section */
		610DB3841AB77DFF0005D314 = {
			isa = PBXGroup;
			children = (
				610DB38F1AB77DFF0005D314 /* export-proxies */,
				610DB38E1AB77DFF0005D314 /* Products */,
			);
			sourceTree = "<group>";
		};
		610DB38E1AB77DFF0005D314 /* Products */ = {
			isa = PBXGroup;
			children = (
				610DB38D1AB77DFF0005D314 /* export-proxies */,
			);
			name = Products;
			sourceTree = "<group>";
		};
		610DB38F1AB77DFF0005D314 /* export-proxies */ = {
			isa = PBXGroup;
			children = (
				610DB3901AB77DFF0005D314 /* main.swift */,
				610DB3971AB77E690005D314 /* ProxySettings.swift */,
			);
			path = "export-proxies";
			sourceTree = "<group>";
		};
/* End PBXGroup section */

/* Begin PBXNativeTarget section */
		610DB38C1AB77DFF0005D314 /* export-proxies */ = {
			isa = PBXNativeTarget;
			buildConfigurationList = 610DB3941AB77DFF0005D314 /* Build configuration list for PBXNativeTarget "export-proxies" */;
			buildPhases = (
				610DB3891AB77DFF0005D314 /* Sources */,
				610DB38A1AB77DFF0005D314 /* Frameworks */,
				610DB38B1AB77DFF0005D314 /* CopyFiles */,
			);
			buildRules = (
			);
			dependencies = (
			);
			name = "export-proxies";
			productName = "export-proxies";
			productReference = 610DB38D1AB77DFF0005D314 /* export-proxies */;
			productType = "com.apple.product-type.tool";
		};
/* End PBXNativeTarget section */

/* Begin PBXProject section */
		610DB3851AB77DFF0005D314 /* Project object */ = {
			isa = PBXProject;
			attributes = {
				LastSwiftMigration = 0730;
				LastSwiftUpdateCheck = 0730;
				LastUpgradeCheck = 0730;
				ORGANIZATIONNAME = janvogt;
				TargetAttributes = {
					610DB38C1AB77DFF0005D314 = {
						CreatedOnToolsVersion = 6.2;
					};
				};
			};
			buildConfigurationList = 610DB3881AB77DFF0005D314 /* Build configuration list for PBXProject "export-proxies" */;
			compatibilityVersion = "Xcode 3.2";
			developmentRegion = English;
			hasScannedForEncodings = 0;
			knownRegions = (
				en,
			);
			mainGroup = 610DB3841AB77DFF0005D314;
			productRefGroup = 610DB38E1AB77DFF0005D314 /* Products */;
			projectDirPath = "";
			projectRoot = "";
			targets = (
				610DB38C1AB77DFF0005D314 /* export-proxies */,
			);
		};
/* End PBXProject section */

/* Begin PBXSourcesBuildPhase section */
		610DB3891AB77DFF0005D314 /* Sources */ = {
			isa = PBXSourcesBuildPhase;
			buildActionMask = 2147483647;
			files = (
				610DB3911AB77DFF0005D314 /* main.swift in Sources */,
				610DB3981AB77E690005D314 /* ProxySettings.swift in Sources */,
			);
			runOnlyForDeploymentPostprocessing = 0;
		};
/* End PBXSourcesBuildPhase section */

/* Begin XCBuildConfiguration section */
		610DB3921AB77DFF0005D314 /* Debug */ = {
			isa = XCBuildConfiguration;
			buildSettings = {
				ALWAYS_SEARCH_USER_PATHS = NO;
				CLANG_CXX_LANGUAGE_STANDARD = "gnu++0x";
				CLANG_CXX_LIBRARY = "libc++";
				CLANG_ENABLE_MODULES = YES;
				CLANG_ENABLE_OBJC_ARC = YES;
				CLANG_WARN_BOOL_CONVERSION = YES;
				CLANG_WARN_CONSTANT_CONVERSION = YES;
				CLANG_WARN_DIRECT_OBJC_ISA_USAGE = YES_ERROR;
				CLANG_WARN_EMPTY_BODY = YES;
				CLANG_WARN_ENUM_CONVERSION = YES;
				CLANG_WARN_INT_CONVERSION = YES;
				CLANG_WARN_OBJC_ROOT_CLASS = YES_ERROR;
				CLANG_WARN_UNREACHABLE_CODE = YES;
				CLANG_WARN__DUPLICATE_METHOD_MATCH = YES;
				COPY_PHASE_STRIP = NO;
				ENABLE_STRICT_OBJC_MSGSEND = YES;
				ENABLE_TESTABILITY = YES;
				GCC_C_LANGUAGE_STANDARD = gnu99;
				GCC_DYNAMIC_NO_PIC = NO;
				GCC_OPTIMIZATION_LEVEL = 0;
				GCC_PREPROCESSOR_DEFINITIONS = (
					"DEBUG=1",
					"$(inherited)",
				);
				GCC_SYMBOLS_PRIVATE_EXTERN = NO;
				GCC_WARN_64_TO_32_BIT_CONVERSION = YES;
				GCC_WARN_ABOUT_RETURN_TYPE = YES_ERROR;
				GCC_WARN_UNDECLARED_SELECTOR = YES;
				GCC_WARN_UNINITIALIZED_AUTOS = YES_AGGRESSIVE;
				GCC_WARN_UNUSED_FUNCTION = YES;
				GCC_WARN_UNUSED_VARIABLE = YES;
				MACOSX_DEPLOYMENT_TARGET = 10.10;
				MTL_ENABLE_DEBUG_INFO = YES;
				ONLY_ACTIVE_ARCH = YES;
				SDKROOT = macosx;
				SWIFT_OPTIMIZATION_LEVEL = "-Onone";
			};
			name = Debug;
		};
		610DB3931AB77DFF0005D314 /* Release */ = {
			isa = XCBuildConfiguration;
			buildSettings = {
				ALWAYS_SEARCH_USER_PATHS = NO;
				CLANG_CXX_LANGUAGE_STANDARD = "gnu++0x";
				CLANG_CXX_LIBRARY = "libc++";
				CLANG_ENABLE_MODULES = YES;
				CLANG_ENABLE_OBJC_ARC = YES;
				CLANG_WARN_BOOL_CONVERSION = YES;
				CLANG_WARN_CONSTANT_CONVERSION = YES;
				CLANG_WARN_DIRECT_OBJC_ISA_USAGE = YES_ERROR;
				CLANG_WARN_EMPTY_BODY = YES;
				CLANG_WARN_ENUM_CONVERSION = YES;
				CLANG_WARN_INT_CONVERSION = YES;
				CLANG_WARN_OBJC_ROOT_CLASS = YES_ERROR;
				CLANG_WARN_UNREACHABLE_CODE = YES;
				CLANG_WARN__DUPLICATE_METHOD_MATCH = YES;
				COPY_PHASE_STRIP = NO;
				DEBUG_INFORMATION_FORMAT = "dwarf-with-dsym";
				ENABLE_NS_ASSERTIONS = NO;
				ENABLE_STRICT_OBJC_MSGSEND = YES;
				GCC_C_LANGUAGE_STANDARD = gnu99;
				GCC_WARN_64_TO_32_BIT_CONVERSION = YES;
				GCC_WARN_ABOUT_RETURN_TYPE = YES_ERROR;
				GCC_WARN_UNDECLARED_SELECTOR = YES;
				GCC_WARN_UNINITIALIZED_AUTOS = YES_AGGRESSIVE;
				GCC_WARN_UNUSED_FUNCTION = YES;
				GCC_WARN_UNUSED_VARIABLE = YES;
				MACOSX_DEPLOYMENT_TARGET = 10.10;
				MTL_ENABLE_DEBUG_INFO = NO;
				SDKROOT = macosx;
			};
			name = Release;
		};
		610DB3951AB77DFF0005D314 /* Debug */ = {
			isa = XCBuildConfiguration;
			buildSettings = {
				PRODUCT_NAME = "$(TARGET_NAME)";
			};
			name = Debug;
		};
		610DB3961AB77DFF0005D314 /* Release */ = {
			isa = XCBuildConfiguration;
			buildSettings = {
				PRODUCT_NAME = "$(TARGET_NAME)";
			};
			name = Release;
		};
/* End XCBuildConfiguration section */

/* Begin XCConfigurationList section */
		610DB3881AB77DFF0005D314 /* Build configuration list for PBXProject "export-proxies" */ = {
			isa = XCConfigurationList;
			buildConfigurations = (
				610DB3921AB77DFF0005D314 /* Debug */,
				610DB3931AB77DFF0005D314 /* Release */,
			);
			defaultConfigurationIsVisible = 0;
			defaultConfigurationName = Release;
		};
		610DB3941AB77DFF0005D314 /* Build configuration list for PBXNativeTarget "export-proxies" */ = {
			isa = XCConfigurationList;
			buildConfigurations = (
				610DB3951AB77DFF0005D314 /* Debug */,
				610DB3961AB77DFF0005D314 /* Release */,
			);
			defaultConfigurationIsVisible = 0;
			defaultConfigurationName = Release;
		};
/* End XCConfigurationList section */
	};
	rootObject = 610DB3851AB77DFF0005D314 /* Project object */;
}
